// !$*UTF8*$!
{
	archiveVersion = 1;
	classes = {
	};
	objectVersion = 46;
	objects = {

/* Begin PBXBuildFile section */
		9DBFF9901A5C1B9100150C91 /* main.m in Sources */ = {isa = PBXBuildFile; fileRef = 9DBFF98F1A5C1B9100150C91 /* main.m */; };
		9DBFF9931A5C1B9100150C91 /* AppDelegate.m in Sources */ = {isa = PBXBuildFile; fileRef = 9DBFF9921A5C1B9100150C91 /* AppDelegate.m */; };
		9DBFF9961A5C1B9100150C91 /* ViewController.m in Sources */ = {isa = PBXBuildFile; fileRef = 9DBFF9951A5C1B9100150C91 /* ViewController.m */; };
		9DBFF9991A5C1B9100150C91 /* Main.storyboard in Resources */ = {isa = PBXBuildFile; fileRef = 9DBFF9971A5C1B9100150C91 /* Main.storyboard */; };
		9DBFF99B1A5C1B9100150C91 /* Images.xcassets in Resources */ = {isa = PBXBuildFile; fileRef = 9DBFF99A1A5C1B9100150C91 /* Images.xcassets */; };
		9DBFF99E1A5C1B9100150C91 /* LaunchScreen.xib in Resources */ = {isa = PBXBuildFile; fileRef = 9DBFF99C1A5C1B9100150C91 /* LaunchScreen.xib */; };
		9DBFF9AA1A5C1B9100150C91 /* MatchismoTests.m in Sources */ = {isa = PBXBuildFile; fileRef = 9DBFF9A91A5C1B9100150C91 /* MatchismoTests.m */; };
/* End PBXBuildFile section */

/* Begin PBXContainerItemProxy section */
		9DBFF9A41A5C1B9100150C91 /* PBXContainerItemProxy */ = {
			isa = PBXContainerItemProxy;
			containerPortal = 9DBFF9821A5C1B9100150C91 /* Project object */;
			proxyType = 1;
			remoteGlobalIDString = 9DBFF9891A5C1B9100150C91;
			remoteInfo = Matchismo;
		};
/* End PBXContainerItemProxy section */

/* Begin PBXFileReference section */
		9DBFF98A1A5C1B9100150C91 /* Matchismo.app */ = {isa = PBXFileReference; explicitFileType = wrapper.application; includeInIndex = 0; path = Matchismo.app; sourceTree = BUILT_PRODUCTS_DIR; };
		9DBFF98E1A5C1B9100150C91 /* Info.plist */ = {isa = PBXFileReference; lastKnownFileType = text.plist.xml; path = Info.plist; sourceTree = "<group>"; };
		9DBFF98F1A5C1B9100150C91 /* main.m */ = {isa = PBXFileReference; lastKnownFileType = sourcecode.c.objc; path = main.m; sourceTree = "<group>"; };
		9DBFF9911A5C1B9100150C91 /* AppDelegate.h */ = {isa = PBXFileReference; lastKnownFileType = sourcecode.c.h; path = AppDelegate.h; sourceTree = "<group>"; };
		9DBFF9921A5C1B9100150C91 /* AppDelegate.m */ = {isa = PBXFileReference; lastKnownFileType = sourcecode.c.objc; path = AppDelegate.m; sourceTree = "<group>"; };
		9DBFF9941A5C1B9100150C91 /* ViewController.h */ = {isa = PBXFileReference; lastKnownFileType = sourcecode.c.h; path = ViewController.h; sourceTree = "<group>"; };
		9DBFF9951A5C1B9100150C91 /* ViewController.m */ = {isa = PBXFileReference; lastKnownFileType = sourcecode.c.objc; path = ViewController.m; sourceTree = "<group>"; };
		9DBFF9981A5C1B9100150C91 /* Base */ = {isa = PBXFileReference; lastKnownFileType = file.storyboard; name = Base; path = Base.lproj/Main.storyboard; sourceTree = "<group>"; };
		9DBFF99A1A5C1B9100150C91 /* Images.xcassets */ = {isa = PBXFileReference; lastKnownFileType = folder.assetcatalog; path = Images.xcassets; sourceTree = "<group>"; };
		9DBFF99D1A5C1B9100150C91 /* Base */ = {isa = PBXFileReference; lastKnownFileType = file.xib; name = Base; path = Base.lproj/LaunchScreen.xib; sourceTree = "<group>"; };
		9DBFF9A31A5C1B9100150C91 /* MatchismoTests.xctest */ = {isa = PBXFileReference; explicitFileType = wrapper.cfbundle; includeInIndex = 0; path = MatchismoTests.xctest; sourceTree = BUILT_PRODUCTS_DIR; };
		9DBFF9A81A5C1B9100150C91 /* Info.plist */ = {isa = PBXFileReference; lastKnownFileType = text.plist.xml; path = Info.plist; sourceTree = "<group>"; };
		9DBFF9A91A5C1B9100150C91 /* MatchismoTests.m */ = {isa = PBXFileReference; lastKnownFileType = sourcecode.c.objc; path = MatchismoTests.m; sourceTree = "<group>"; };
/* End PBXFileReference section */

/* Begin PBXFrameworksBuildPhase section */
		9DBFF9871A5C1B9100150C91 /* Frameworks */ = {
			isa = PBXFrameworksBuildPhase;
			buildActionMask = 2147483647;
			files = (
			);
			runOnlyForDeploymentPostprocessing = 0;
		};
		9DBFF9A01A5C1B9100150C91 /* Frameworks */ = {
			isa = PBXFrameworksBuildPhase;
			buildActionMask = 2147483647;
			files = (
			);
			runOnlyForDeploymentPostprocessing = 0;
		};
/* End PBXFrameworksBuildPhase section */

/* Begin PBXGroup section */
		9DBFF9811A5C1B9100150C91 = {
			isa = PBXGroup;
			children = (
				9DBFF98C1A5C1B9100150C91 /* Matchismo */,
				9DBFF9A61A5C1B9100150C91 /* MatchismoTests */,
				9DBFF98B1A5C1B9100150C91 /* Products */,
			);
			sourceTree = "<group>";
		};
		9DBFF98B1A5C1B9100150C91 /* Products */ = {
			isa = PBXGroup;
			children = (
				9DBFF98A1A5C1B9100150C91 /* Matchismo.app */,
				9DBFF9A31A5C1B9100150C91 /* MatchismoTests.xctest */,
			);
			name = Products;
			sourceTree = "<group>";
		};
		9DBFF98C1A5C1B9100150C91 /* Matchismo */ = {
			isa = PBXGroup;
			children = (
				9DBFF9911A5C1B9100150C91 /* AppDelegate.h */,
				9DBFF9921A5C1B9100150C91 /* AppDelegate.m */,
				9DBFF9941A5C1B9100150C91 /* ViewController.h */,
				9DBFF9951A5C1B9100150C91 /* ViewController.m */,
				9DBFF9971A5C1B9100150C91 /* Main.storyboard */,
				9DBFF99A1A5C1B9100150C91 /* Images.xcassets */,
				9DBFF99C1A5C1B9100150C91 /* LaunchScreen.xib */,
				9DBFF98D1A5C1B9100150C91 /* Supporting Files */,
			);
			path = Matchismo;
			sourceTree = "<group>";
		};
		9DBFF98D1A5C1B9100150C91 /* Supporting Files */ = {
			isa = PBXGroup;
			children = (
				9DBFF98E1A5C1B9100150C91 /* Info.plist */,
				9DBFF98F1A5C1B9100150C91 /* main.m */,
			);
			name = "Supporting Files";
			sourceTree = "<group>";
		};
		9DBFF9A61A5C1B9100150C91 /* MatchismoTests */ = {
			isa = PBXGroup;
			children = (
				9DBFF9A91A5C1B9100150C91 /* MatchismoTests.m */,
				9DBFF9A71A5C1B9100150C91 /* Supporting Files */,
			);
			path = MatchismoTests;
			sourceTree = "<group>";
		};
		9DBFF9A71A5C1B9100150C91 /* Supporting Files */ = {
			isa = PBXGroup;
			children = (
				9DBFF9A81A5C1B9100150C91 /* Info.plist */,
			);
			name = "Supporting Files";
			sourceTree = "<group>";
		};
/* End PBXGroup section */

/* Begin PBXNativeTarget section */
		9DBFF9891A5C1B9100150C91 /* Matchismo */ = {
			isa = PBXNativeTarget;
			buildConfigurationList = 9DBFF9AD1A5C1B9100150C91 /* Build configuration list for PBXNativeTarget "Matchismo" */;
			buildPhases = (
				9DBFF9861A5C1B9100150C91 /* Sources */,
				9DBFF9871A5C1B9100150C91 /* Frameworks */,
				9DBFF9881A5C1B9100150C91 /* Resources */,
			);
			buildRules = (
			);
			dependencies = (
			);
			name = Matchismo;
			productName = Matchismo;
			productReference = 9DBFF98A1A5C1B9100150C91 /* Matchismo.app */;
			productType = "com.apple.product-type.application";
		};
		9DBFF9A21A5C1B9100150C91 /* MatchismoTests */ = {
			isa = PBXNativeTarget;
			buildConfigurationList = 9DBFF9B01A5C1B9100150C91 /* Build configuration list for PBXNativeTarget "MatchismoTests" */;
			buildPhases = (
				9DBFF99F1A5C1B9100150C91 /* Sources */,
				9DBFF9A01A5C1B9100150C91 /* Frameworks */,
				9DBFF9A11A5C1B9100150C91 /* Resources */,
			);
			buildRules = (
			);
			dependencies = (
				9DBFF9A51A5C1B9100150C91 /* PBXTargetDependency */,
			);
			name = MatchismoTests;
			productName = MatchismoTests;
			productReference = 9DBFF9A31A5C1B9100150C91 /* MatchismoTests.xctest */;
			productType = "com.apple.product-type.bundle.unit-test";
		};
/* End PBXNativeTarget section */

/* Begin PBXProject section */
		9DBFF9821A5C1B9100150C91 /* Project object */ = {
			isa = PBXProject;
			attributes = {
				LastUpgradeCheck = 0600;
				ORGANIZATIONNAME = QuXiaoyin;
				TargetAttributes = {
					9DBFF9891A5C1B9100150C91 = {
						CreatedOnToolsVersion = 6.0.1;
					};
					9DBFF9A21A5C1B9100150C91 = {
						CreatedOnToolsVersion = 6.0.1;
						TestTargetID = 9DBFF9891A5C1B9100150C91;
					};
				};
			};
			buildConfigurationList = 9DBFF9851A5C1B9100150C91 /* Build configuration list for PBXProject "Matchismo" */;
			compatibilityVersion = "Xcode 3.2";
			developmentRegion = English;
			hasScannedForEncodings = 0;
			knownRegions = (
				en,
				Base,
			);
			mainGroup = 9DBFF9811A5C1B9100150C91;
			productRefGroup = 9DBFF98B1A5C1B9100150C91 /* Products */;
			projectDirPath = "";
			projectRoot = "";
			targets = (
				9DBFF9891A5C1B9100150C91 /* Matchismo */,
				9DBFF9A21A5C1B9100150C91 /* MatchismoTests */,
			);
		};
/* End PBXProject section */

/* Begin PBXResourcesBuildPhase section */
		9DBFF9881A5C1B9100150C91 /* Resources */ = {
			isa = PBXResourcesBuildPhase;
			buildActionMask = 2147483647;
			files = (
				9DBFF9991A5C1B9100150C91 /* Main.storyboard in Resources */,
				9DBFF99E1A5C1B9100150C91 /* LaunchScreen.xib in Resources */,
				9DBFF99B1A5C1B9100150C91 /* Images.xcassets in Resources */,
			);
			runOnlyForDeploymentPostprocessing = 0;
		};
		9DBFF9A11A5C1B9100150C91 /* Resources */ = {
			isa = PBXResourcesBuildPhase;
			buildActionMask = 2147483647;
			files = (
			);
			runOnlyForDeploymentPostprocessing = 0;
		};
/* End PBXResourcesBuildPhase section */

/* Begin PBXSourcesBuildPhase section */
		9DBFF9861A5C1B9100150C91 /* Sources */ = {
			isa = PBXSourcesBuildPhase;
			buildActionMask = 2147483647;
			files = (
				9DBFF9961A5C1B9100150C91 /* ViewController.m in Sources */,
				9DBFF9931A5C1B9100150C91 /* AppDelegate.m in Sources */,
				9DBFF9901A5C1B9100150C91 /* main.m in Sources */,
			);
			runOnlyForDeploymentPostprocessing = 0;
		};
		9DBFF99F1A5C1B9100150C91 /* Sources */ = {
			isa = PBXSourcesBuildPhase;
			buildActionMask = 2147483647;
			files = (
				9DBFF9AA1A5C1B9100150C91 /* MatchismoTests.m in Sources */,
			);
			runOnlyForDeploymentPostprocessing = 0;
		};
/* End PBXSourcesBuildPhase section */

/* Begin PBXTargetDependency section */
		9DBFF9A51A5C1B9100150C91 /* PBXTargetDependency */ = {
			isa = PBXTargetDependency;
			target = 9DBFF9891A5C1B9100150C91 /* Matchismo */;
			targetProxy = 9DBFF9A41A5C1B9100150C91 /* PBXContainerItemProxy */;
		};
/* End PBXTargetDependency section */

/* Begin PBXVariantGroup section */
		9DBFF9971A5C1B9100150C91 /* Main.storyboard */ = {
			isa = PBXVariantGroup;
			children = (
				9DBFF9981A5C1B9100150C91 /* Base */,
			);
			name = Main.storyboard;
			sourceTree = "<group>";
		};
		9DBFF99C1A5C1B9100150C91 /* LaunchScreen.xib */ = {
			isa = PBXVariantGroup;
			children = (
				9DBFF99D1A5C1B9100150C91 /* Base */,
			);
			name = LaunchScreen.xib;
			sourceTree = "<group>";
		};
/* End PBXVariantGroup section */

/* Begin XCBuildConfiguration section */
		9DBFF9AB1A5C1B9100150C91 /* Debug */ = {
			isa = XCBuildConfiguration;
			buildSettings = {
				ALWAYS_SEARCH_USER_PATHS = NO;
				CLANG_CXX_LANGUAGE_STANDARD = "gnu++0x";
				CLANG_CXX_LIBRARY = "libc++";
				CLANG_ENABLE_MODULES = YES;
				CLANG_ENABLE_OBJC_ARC = YES;
				CLANG_WARN_BOOL_CONVERSION = YES;
				CLANG_WARN_CONSTANT_CONVERSION = YES;
				CLANG_WARN_DIRECT_OBJC_ISA_USAGE = YES_ERROR;
				CLANG_WARN_EMPTY_BODY = YES;
				CLANG_WARN_ENUM_CONVERSION = YES;
				CLANG_WARN_INT_CONVERSION = YES;
				CLANG_WARN_OBJC_ROOT_CLASS = YES_ERROR;
				CLANG_WARN_UNREACHABLE_CODE = YES;
				CLANG_WARN__DUPLICATE_METHOD_MATCH = YES;
				"CODE_SIGN_IDENTITY[sdk=iphoneos*]" = "iPhone Developer";
				COPY_PHASE_STRIP = NO;
				ENABLE_STRICT_OBJC_MSGSEND = YES;
				GCC_C_LANGUAGE_STANDARD = gnu99;
				GCC_DYNAMIC_NO_PIC = NO;
				GCC_OPTIMIZATION_LEVEL = 0;
				GCC_PREPROCESSOR_DEFINITIONS = (
					"DEBUG=1",
					"$(inherited)",
				);
				GCC_SYMBOLS_PRIVATE_EXTERN = NO;
				GCC_WARN_64_TO_32_BIT_CONVERSION = YES;
				GCC_WARN_ABOUT_RETURN_TYPE = YES_ERROR;
				GCC_WARN_UNDECLARED_SELECTOR = YES;
				GCC_WARN_UNINITIALIZED_AUTOS = YES_AGGRESSIVE;
				GCC_WARN_UNUSED_FUNCTION = YES;
				GCC_WARN_UNUSED_VARIABLE = YES;
				IPHONEOS_DEPLOYMENT_TARGET = 8.0;
				MTL_ENABLE_DEBUG_INFO = YES;
				ONLY_ACTIVE_ARCH = YES;
				SDKROOT = iphoneos;
				TARGETED_DEVICE_FAMILY = "1,2";
			};
			name = Debug;
		};
		9DBFF9AC1A5C1B9100150C91 /* Release */ = {
			isa = XCBuildConfiguration;
			buildSettings = {
				ALWAYS_SEARCH_USER_PATHS = NO;
				CLANG_CXX_LANGUAGE_STANDARD = "gnu++0x";
				CLANG_CXX_LIBRARY = "libc++";
				CLANG_ENABLE_MODULES = YES;
				CLANG_ENABLE_OBJC_ARC = YES;
				CLANG_WARN_BOOL_CONVERSION = YES;
				CLANG_WARN_CONSTANT_CONVERSION = YES;
				CLANG_WARN_DIRECT_OBJC_ISA_USAGE = YES_ERROR;
				CLANG_WARN_EMPTY_BODY = YES;
				CLANG_WARN_ENUM_CONVERSION = YES;
				CLANG_WARN_INT_CONVERSION = YES;
				CLANG_WARN_OBJC_ROOT_CLASS = YES_ERROR;
				CLANG_WARN_UNREACHABLE_CODE = YES;
				CLANG_WARN__DUPLICATE_METHOD_MATCH = YES;
				"CODE_SIGN_IDENTITY[sdk=iphoneos*]" = "iPhone Developer";
				COPY_PHASE_STRIP = YES;
				ENABLE_NS_ASSERTIONS = NO;
				ENABLE_STRICT_OBJC_MSGSEND = YES;
				GCC_C_LANGUAGE_STANDARD = gnu99;
				GCC_WARN_64_TO_32_BIT_CONVERSION = YES;
				GCC_WARN_ABOUT_RETURN_TYPE = YES_ERROR;
				GCC_WARN_UNDECLARED_SELECTOR = YES;
				GCC_WARN_UNINITIALIZED_AUTOS = YES_AGGRESSIVE;
				GCC_WARN_UNUSED_FUNCTION = YES;
				GCC_WARN_UNUSED_VARIABLE = YES;
				IPHONEOS_DEPLOYMENT_TARGET = 8.0;
				MTL_ENABLE_DEBUG_INFO = NO;
				SDKROOT = iphoneos;
				TARGETED_DEVICE_FAMILY = "1,2";
				VALIDATE_PRODUCT = YES;
			};
			name = Release;
		};
		9DBFF9AE1A5C1B9100150C91 /* Debug */ = {
			isa = XCBuildConfiguration;
			buildSettings = {
				ASSETCATALOG_COMPILER_APPICON_NAME = AppIcon;
				INFOPLIST_FILE = Matchismo/Info.plist;
				LD_RUNPATH_SEARCH_PATHS = "$(inherited) @executable_path/Frameworks";
				PRODUCT_NAME = "$(TARGET_NAME)";
			};
			name = Debug;
		};
		9DBFF9AF1A5C1B9100150C91 /* Release */ = {
			isa = XCBuildConfiguration;
			buildSettings = {
				ASSETCATALOG_COMPILER_APPICON_NAME = AppIcon;
				INFOPLIST_FILE = Matchismo/Info.plist;
				LD_RUNPATH_SEARCH_PATHS = "$(inherited) @executable_path/Frameworks";
				PRODUCT_NAME = "$(TARGET_NAME)";
			};
			name = Release;
		};
		9DBFF9B11A5C1B9100150C91 /* Debug */ = {
			isa = XCBuildConfiguration;
			buildSettings = {
				BUNDLE_LOADER = "$(TEST_HOST)";
				FRAMEWORK_SEARCH_PATHS = (
					"$(SDKROOT)/Developer/Library/Frameworks",
					"$(inherited)",
				);
				GCC_PREPROCESSOR_DEFINITIONS = (
					"DEBUG=1",
					"$(inherited)",
				);
				INFOPLIST_FILE = MatchismoTests/Info.plist;
				LD_RUNPATH_SEARCH_PATHS = "$(inherited) @executable_path/Frameworks @loader_path/Frameworks";
				PRODUCT_NAME = "$(TARGET_NAME)";
				TEST_HOST = "$(BUILT_PRODUCTS_DIR)/Matchismo.app/Matchismo";
			};
			name = Debug;
		};
		9DBFF9B21A5C1B9100150C91 /* Release */ = {
			isa = XCBuildConfiguration;
			buildSettings = {
				BUNDLE_LOADER = "$(TEST_HOST)";
				FRAMEWORK_SEARCH_PATHS = (
					"$(SDKROOT)/Developer/Library/Frameworks",
					"$(inherited)",
				);
				INFOPLIST_FILE = MatchismoTests/Info.plist;
				LD_RUNPATH_SEARCH_PATHS = "$(inherited) @executable_path/Frameworks @loader_path/Frameworks";
				PRODUCT_NAME = "$(TARGET_NAME)";
				TEST_HOST = "$(BUILT_PRODUCTS_DIR)/Matchismo.app/Matchismo";
			};
			name = Release;
		};
/* End XCBuildConfiguration section */

/* Begin XCConfigurationList section */
		9DBFF9851A5C1B9100150C91 /* Build configuration list for PBXProject "Matchismo" */ = {
			isa = XCConfigurationList;
			buildConfigurations = (
				9DBFF9AB1A5C1B9100150C91 /* Debug */,
				9DBFF9AC1A5C1B9100150C91 /* Release */,
			);
			defaultConfigurationIsVisible = 0;
			defaultConfigurationName = Release;
		};
		9DBFF9AD1A5C1B9100150C91 /* Build configuration list for PBXNativeTarget "Matchismo" */ = {
			isa = XCConfigurationList;
			buildConfigurations = (
				9DBFF9AE1A5C1B9100150C91 /* Debug */,
				9DBFF9AF1A5C1B9100150C91 /* Release */,
			);
			defaultConfigurationIsVisible = 0;
		};
		9DBFF9B01A5C1B9100150C91 /* Build configuration list for PBXNativeTarget "MatchismoTests" */ = {
			isa = XCConfigurationList;
			buildConfigurations = (
				9DBFF9B11A5C1B9100150C91 /* Debug */,
				9DBFF9B21A5C1B9100150C91 /* Release */,
			);
			defaultConfigurationIsVisible = 0;
		};
/* End XCConfigurationList section */
	};
	rootObject = 9DBFF9821A5C1B9100150C91 /* Project object */;
}
